// !$*UTF8*$!
{
	archiveVersion = 1;
	classes = {
	};
	objectVersion = 56;
	objects = {

/* Begin PBXBuildFile section */
		90DC9D682A758ACC00FE5B9E /* groupVoteApp.swift in Sources */ = {isa = PBXBuildFile; fileRef = 90DC9D672A758ACC00FE5B9E /* groupVoteApp.swift */; };
		90DC9D6A2A758ACC00FE5B9E /* Auth.swift in Sources */ = {isa = PBXBuildFile; fileRef = 90DC9D692A758ACC00FE5B9E /* Auth.swift */; };
		90DC9D6C2A758ACD00FE5B9E /* Assets.xcassets in Resources */ = {isa = PBXBuildFile; fileRef = 90DC9D6B2A758ACD00FE5B9E /* Assets.xcassets */; };
		90DC9D702A758ACD00FE5B9E /* Preview Assets.xcassets in Resources */ = {isa = PBXBuildFile; fileRef = 90DC9D6F2A758ACD00FE5B9E /* Preview Assets.xcassets */; };
		90DC9D782A758B8E00FE5B9E /* Header.swift in Sources */ = {isa = PBXBuildFile; fileRef = 90DC9D772A758B8E00FE5B9E /* Header.swift */; };
		90DC9D7A2A76C09400FE5B9E /* CustomTextField.swift in Sources */ = {isa = PBXBuildFile; fileRef = 90DC9D792A76C09400FE5B9E /* CustomTextField.swift */; };
		90DC9D7C2A76CF1700FE5B9E /* CustomLargeTitle.swift in Sources */ = {isa = PBXBuildFile; fileRef = 90DC9D7B2A76CF1700FE5B9E /* CustomLargeTitle.swift */; };
		90DC9D7E2A76D01800FE5B9E /* CustomLargeButton.swift in Sources */ = {isa = PBXBuildFile; fileRef = 90DC9D7D2A76D01800FE5B9E /* CustomLargeButton.swift */; };
		90DC9D802A76D52900FE5B9E /* MainPage.swift in Sources */ = {isa = PBXBuildFile; fileRef = 90DC9D7F2A76D52900FE5B9E /* MainPage.swift */; };
		90DC9D872A76DD8600FE5B9E /* EnterMerchantName.swift in Sources */ = {isa = PBXBuildFile; fileRef = 90DC9D862A76DD8600FE5B9E /* EnterMerchantName.swift */; };
		90DC9D8A2A76DEFE00FE5B9E /* JoinMerchantName.swift in Sources */ = {isa = PBXBuildFile; fileRef = 90DC9D892A76DEFE00FE5B9E /* JoinMerchantName.swift */; };
		90DC9D8C2A76DF2700FE5B9E /* WaitingForOthers.swift in Sources */ = {isa = PBXBuildFile; fileRef = 90DC9D8B2A76DF2700FE5B9E /* WaitingForOthers.swift */; };
		90DC9D8E2A791F6800FE5B9E /* WaitingButSomeoneJoined.swift in Sources */ = {isa = PBXBuildFile; fileRef = 90DC9D8D2A791F6800FE5B9E /* WaitingButSomeoneJoined.swift */; };
		90DC9D912A79276200FE5B9E /* Voting.swift in Sources */ = {isa = PBXBuildFile; fileRef = 90DC9D902A79276200FE5B9E /* Voting.swift */; };
		90DC9D932A792A1300FE5B9E /* Winner.swift in Sources */ = {isa = PBXBuildFile; fileRef = 90DC9D922A792A1300FE5B9E /* Winner.swift */; };
		90DC9D982A7ECA4400FE5B9E /* User.swift in Sources */ = {isa = PBXBuildFile; fileRef = 90DC9D972A7ECA4400FE5B9E /* User.swift */; };
		90FB6F7D2A7ECC8D004F5CEF /* Group.swift in Sources */ = {isa = PBXBuildFile; fileRef = 90FB6F7C2A7ECC8D004F5CEF /* Group.swift */; };
		90FB6F7F2A7ECD31004F5CEF /* Merchant.swift in Sources */ = {isa = PBXBuildFile; fileRef = 90FB6F7E2A7ECD31004F5CEF /* Merchant.swift */; };
		90FB6F822A7ECDD9004F5CEF /* User_Group.swift in Sources */ = {isa = PBXBuildFile; fileRef = 90FB6F812A7ECDD9004F5CEF /* User_Group.swift */; };
		90FB6F842A7ECE3E004F5CEF /* Merchant_Group.swift in Sources */ = {isa = PBXBuildFile; fileRef = 90FB6F832A7ECE3E004F5CEF /* Merchant_Group.swift */; };
		90FB6F862A7ECF88004F5CEF /* AuthViewModel.swift in Sources */ = {isa = PBXBuildFile; fileRef = 90FB6F852A7ECF88004F5CEF /* AuthViewModel.swift */; };
		90FB6F882A7ED600004F5CEF /* WebAPI.swift in Sources */ = {isa = PBXBuildFile; fileRef = 90FB6F872A7ED600004F5CEF /* WebAPI.swift */; };
		90FB6F8A2A7EE489004F5CEF /* GroupViewModel.swift in Sources */ = {isa = PBXBuildFile; fileRef = 90FB6F892A7EE489004F5CEF /* GroupViewModel.swift */; };
		90FB6F8C2A7EE89D004F5CEF /* MerchantViewModel.swift in Sources */ = {isa = PBXBuildFile; fileRef = 90FB6F8B2A7EE89D004F5CEF /* MerchantViewModel.swift */; };
/* End PBXBuildFile section */

/* Begin PBXFileReference section */
		90DC9D642A758ACC00FE5B9E /* groupVote.app */ = {isa = PBXFileReference; explicitFileType = wrapper.application; includeInIndex = 0; path = groupVote.app; sourceTree = BUILT_PRODUCTS_DIR; };
		90DC9D672A758ACC00FE5B9E /* groupVoteApp.swift */ = {isa = PBXFileReference; lastKnownFileType = sourcecode.swift; path = groupVoteApp.swift; sourceTree = "<group>"; };
		90DC9D692A758ACC00FE5B9E /* Auth.swift */ = {isa = PBXFileReference; lastKnownFileType = sourcecode.swift; path = Auth.swift; sourceTree = "<group>"; };
		90DC9D6B2A758ACD00FE5B9E /* Assets.xcassets */ = {isa = PBXFileReference; lastKnownFileType = folder.assetcatalog; path = Assets.xcassets; sourceTree = "<group>"; };
		90DC9D6D2A758ACD00FE5B9E /* groupVote.entitlements */ = {isa = PBXFileReference; lastKnownFileType = text.plist.entitlements; path = groupVote.entitlements; sourceTree = "<group>"; };
		90DC9D6F2A758ACD00FE5B9E /* Preview Assets.xcassets */ = {isa = PBXFileReference; lastKnownFileType = folder.assetcatalog; path = "Preview Assets.xcassets"; sourceTree = "<group>"; };
		90DC9D772A758B8E00FE5B9E /* Header.swift */ = {isa = PBXFileReference; lastKnownFileType = sourcecode.swift; path = Header.swift; sourceTree = "<group>"; };
		90DC9D792A76C09400FE5B9E /* CustomTextField.swift */ = {isa = PBXFileReference; lastKnownFileType = sourcecode.swift; path = CustomTextField.swift; sourceTree = "<group>"; };
		90DC9D7B2A76CF1700FE5B9E /* CustomLargeTitle.swift */ = {isa = PBXFileReference; lastKnownFileType = sourcecode.swift; path = CustomLargeTitle.swift; sourceTree = "<group>"; };
		90DC9D7D2A76D01800FE5B9E /* CustomLargeButton.swift */ = {isa = PBXFileReference; lastKnownFileType = sourcecode.swift; path = CustomLargeButton.swift; sourceTree = "<group>"; };
		90DC9D7F2A76D52900FE5B9E /* MainPage.swift */ = {isa = PBXFileReference; lastKnownFileType = sourcecode.swift; path = MainPage.swift; sourceTree = "<group>"; };
		90DC9D862A76DD8600FE5B9E /* EnterMerchantName.swift */ = {isa = PBXFileReference; lastKnownFileType = sourcecode.swift; path = EnterMerchantName.swift; sourceTree = "<group>"; };
		90DC9D892A76DEFE00FE5B9E /* JoinMerchantName.swift */ = {isa = PBXFileReference; lastKnownFileType = sourcecode.swift; path = JoinMerchantName.swift; sourceTree = "<group>"; };
		90DC9D8B2A76DF2700FE5B9E /* WaitingForOthers.swift */ = {isa = PBXFileReference; lastKnownFileType = sourcecode.swift; path = WaitingForOthers.swift; sourceTree = "<group>"; };
		90DC9D8D2A791F6800FE5B9E /* WaitingButSomeoneJoined.swift */ = {isa = PBXFileReference; lastKnownFileType = sourcecode.swift; path = WaitingButSomeoneJoined.swift; sourceTree = "<group>"; };
		90DC9D902A79276200FE5B9E /* Voting.swift */ = {isa = PBXFileReference; lastKnownFileType = sourcecode.swift; path = Voting.swift; sourceTree = "<group>"; };
		90DC9D922A792A1300FE5B9E /* Winner.swift */ = {isa = PBXFileReference; lastKnownFileType = sourcecode.swift; path = Winner.swift; sourceTree = "<group>"; };
		90DC9D972A7ECA4400FE5B9E /* User.swift */ = {isa = PBXFileReference; lastKnownFileType = sourcecode.swift; path = User.swift; sourceTree = "<group>"; };
		90FB6F7C2A7ECC8D004F5CEF /* Group.swift */ = {isa = PBXFileReference; lastKnownFileType = sourcecode.swift; path = Group.swift; sourceTree = "<group>"; };
		90FB6F7E2A7ECD31004F5CEF /* Merchant.swift */ = {isa = PBXFileReference; lastKnownFileType = sourcecode.swift; path = Merchant.swift; sourceTree = "<group>"; };
		90FB6F812A7ECDD9004F5CEF /* User_Group.swift */ = {isa = PBXFileReference; lastKnownFileType = sourcecode.swift; path = User_Group.swift; sourceTree = "<group>"; };
		90FB6F832A7ECE3E004F5CEF /* Merchant_Group.swift */ = {isa = PBXFileReference; lastKnownFileType = sourcecode.swift; path = Merchant_Group.swift; sourceTree = "<group>"; };
		90FB6F852A7ECF88004F5CEF /* AuthViewModel.swift */ = {isa = PBXFileReference; lastKnownFileType = sourcecode.swift; path = AuthViewModel.swift; sourceTree = "<group>"; };
		90FB6F872A7ED600004F5CEF /* WebAPI.swift */ = {isa = PBXFileReference; lastKnownFileType = sourcecode.swift; path = WebAPI.swift; sourceTree = "<group>"; };
		90FB6F892A7EE489004F5CEF /* GroupViewModel.swift */ = {isa = PBXFileReference; lastKnownFileType = sourcecode.swift; path = GroupViewModel.swift; sourceTree = "<group>"; };
		90FB6F8B2A7EE89D004F5CEF /* MerchantViewModel.swift */ = {isa = PBXFileReference; lastKnownFileType = sourcecode.swift; path = MerchantViewModel.swift; sourceTree = "<group>"; };
/* End PBXFileReference section */

/* Begin PBXFrameworksBuildPhase section */
		90DC9D612A758ACC00FE5B9E /* Frameworks */ = {
			isa = PBXFrameworksBuildPhase;
			buildActionMask = 2147483647;
			files = (
			);
			runOnlyForDeploymentPostprocessing = 0;
		};
/* End PBXFrameworksBuildPhase section */

/* Begin PBXGroup section */
		90DC9D5B2A758ACC00FE5B9E = {
			isa = PBXGroup;
			children = (
				90DC9D662A758ACC00FE5B9E /* groupVote */,
				90DC9D652A758ACC00FE5B9E /* Products */,
			);
			sourceTree = "<group>";
		};
		90DC9D652A758ACC00FE5B9E /* Products */ = {
			isa = PBXGroup;
			children = (
				90DC9D642A758ACC00FE5B9E /* groupVote.app */,
			);
			name = Products;
			sourceTree = "<group>";
		};
		90DC9D662A758ACC00FE5B9E /* groupVote */ = {
			isa = PBXGroup;
			children = (
				90DC9D672A758ACC00FE5B9E /* groupVoteApp.swift */,
				90DC9D942A7EC63000FE5B9E /* Models */,
				90DC9D962A7EC64B00FE5B9E /* Views */,
				90DC9D952A7EC63B00FE5B9E /* View Models */,
				90DC9D762A758B7200FE5B9E /* Component */,
				90DC9D6B2A758ACD00FE5B9E /* Assets.xcassets */,
				90DC9D6D2A758ACD00FE5B9E /* groupVote.entitlements */,
				90DC9D6E2A758ACD00FE5B9E /* Preview Content */,
			);
			path = groupVote;
			sourceTree = "<group>";
		};
		90DC9D6E2A758ACD00FE5B9E /* Preview Content */ = {
			isa = PBXGroup;
			children = (
				90DC9D6F2A758ACD00FE5B9E /* Preview Assets.xcassets */,
			);
			path = "Preview Content";
			sourceTree = "<group>";
		};
		90DC9D762A758B7200FE5B9E /* Component */ = {
			isa = PBXGroup;
			children = (
				90DC9D772A758B8E00FE5B9E /* Header.swift */,
				90DC9D792A76C09400FE5B9E /* CustomTextField.swift */,
				90DC9D7B2A76CF1700FE5B9E /* CustomLargeTitle.swift */,
				90DC9D7D2A76D01800FE5B9E /* CustomLargeButton.swift */,
			);
			path = Component;
			sourceTree = "<group>";
		};
		90DC9D842A76DD4900FE5B9E /* Create */ = {
			isa = PBXGroup;
			children = (
				90DC9D862A76DD8600FE5B9E /* EnterMerchantName.swift */,
				90DC9D8B2A76DF2700FE5B9E /* WaitingForOthers.swift */,
				90DC9D8D2A791F6800FE5B9E /* WaitingButSomeoneJoined.swift */,
			);
			path = Create;
			sourceTree = "<group>";
		};
		90DC9D852A76DD5600FE5B9E /* Join */ = {
			isa = PBXGroup;
			children = (
				90DC9D892A76DEFE00FE5B9E /* JoinMerchantName.swift */,
			);
			path = Join;
			sourceTree = "<group>";
		};
		90DC9D8F2A79274800FE5B9E /* Voting */ = {
			isa = PBXGroup;
			children = (
				90DC9D902A79276200FE5B9E /* Voting.swift */,
				90DC9D922A792A1300FE5B9E /* Winner.swift */,
			);
			path = Voting;
			sourceTree = "<group>";
		};
		90DC9D942A7EC63000FE5B9E /* Models */ = {
			isa = PBXGroup;
			children = (
				90DC9D972A7ECA4400FE5B9E /* User.swift */,
				90FB6F7C2A7ECC8D004F5CEF /* Group.swift */,
				90FB6F7E2A7ECD31004F5CEF /* Merchant.swift */,
				90FB6F812A7ECDD9004F5CEF /* User_Group.swift */,
				90FB6F832A7ECE3E004F5CEF /* Merchant_Group.swift */,
				90FB6F872A7ED600004F5CEF /* WebAPI.swift */,
			);
			path = Models;
			sourceTree = "<group>";
		};
		90DC9D952A7EC63B00FE5B9E /* View Models */ = {
			isa = PBXGroup;
			children = (
				90FB6F852A7ECF88004F5CEF /* AuthViewModel.swift */,
				90FB6F892A7EE489004F5CEF /* GroupViewModel.swift */,
				90FB6F8B2A7EE89D004F5CEF /* MerchantViewModel.swift */,
			);
			path = "View Models";
			sourceTree = "<group>";
		};
		90DC9D962A7EC64B00FE5B9E /* Views */ = {
			isa = PBXGroup;
			children = (
				90DC9D692A758ACC00FE5B9E /* Auth.swift */,
				90DC9D7F2A76D52900FE5B9E /* MainPage.swift */,
				90DC9D8F2A79274800FE5B9E /* Voting */,
				90DC9D842A76DD4900FE5B9E /* Create */,
				90DC9D852A76DD5600FE5B9E /* Join */,
			);
			path = Views;
			sourceTree = "<group>";
		};
/* End PBXGroup section */

/* Begin PBXNativeTarget section */
		90DC9D632A758ACC00FE5B9E /* groupVote */ = {
			isa = PBXNativeTarget;
			buildConfigurationList = 90DC9D732A758ACD00FE5B9E /* Build configuration list for PBXNativeTarget "groupVote" */;
			buildPhases = (
				90DC9D602A758ACC00FE5B9E /* Sources */,
				90DC9D612A758ACC00FE5B9E /* Frameworks */,
				90DC9D622A758ACC00FE5B9E /* Resources */,
			);
			buildRules = (
			);
			dependencies = (
			);
			name = groupVote;
			productName = groupVote;
			productReference = 90DC9D642A758ACC00FE5B9E /* groupVote.app */;
			productType = "com.apple.product-type.application";
		};
/* End PBXNativeTarget section */

/* Begin PBXProject section */
		90DC9D5C2A758ACC00FE5B9E /* Project object */ = {
			isa = PBXProject;
			attributes = {
				BuildIndependentTargetsInParallel = 1;
				LastSwiftUpdateCheck = 1430;
				LastUpgradeCheck = 1430;
				TargetAttributes = {
					90DC9D632A758ACC00FE5B9E = {
						CreatedOnToolsVersion = 14.3.1;
					};
				};
			};
			buildConfigurationList = 90DC9D5F2A758ACC00FE5B9E /* Build configuration list for PBXProject "groupVote" */;
			compatibilityVersion = "Xcode 14.0";
			developmentRegion = en;
			hasScannedForEncodings = 0;
			knownRegions = (
				en,
				Base,
			);
			mainGroup = 90DC9D5B2A758ACC00FE5B9E;
			productRefGroup = 90DC9D652A758ACC00FE5B9E /* Products */;
			projectDirPath = "";
			projectRoot = "";
			targets = (
				90DC9D632A758ACC00FE5B9E /* groupVote */,
			);
		};
/* End PBXProject section */

/* Begin PBXResourcesBuildPhase section */
		90DC9D622A758ACC00FE5B9E /* Resources */ = {
			isa = PBXResourcesBuildPhase;
			buildActionMask = 2147483647;
			files = (
				90DC9D702A758ACD00FE5B9E /* Preview Assets.xcassets in Resources */,
				90DC9D6C2A758ACD00FE5B9E /* Assets.xcassets in Resources */,
			);
			runOnlyForDeploymentPostprocessing = 0;
		};
/* End PBXResourcesBuildPhase section */

/* Begin PBXSourcesBuildPhase section */
		90DC9D602A758ACC00FE5B9E /* Sources */ = {
			isa = PBXSourcesBuildPhase;
			buildActionMask = 2147483647;
			files = (
				90DC9D7A2A76C09400FE5B9E /* CustomTextField.swift in Sources */,
				90DC9D6A2A758ACC00FE5B9E /* Auth.swift in Sources */,
				90DC9D932A792A1300FE5B9E /* Winner.swift in Sources */,
				90FB6F7D2A7ECC8D004F5CEF /* Group.swift in Sources */,
				90DC9D7E2A76D01800FE5B9E /* CustomLargeButton.swift in Sources */,
				90DC9D872A76DD8600FE5B9E /* EnterMerchantName.swift in Sources */,
				90FB6F862A7ECF88004F5CEF /* AuthViewModel.swift in Sources */,
				90DC9D8A2A76DEFE00FE5B9E /* JoinMerchantName.swift in Sources */,
				90FB6F8A2A7EE489004F5CEF /* GroupViewModel.swift in Sources */,
				90DC9D982A7ECA4400FE5B9E /* User.swift in Sources */,
				90DC9D7C2A76CF1700FE5B9E /* CustomLargeTitle.swift in Sources */,
				90DC9D8C2A76DF2700FE5B9E /* WaitingForOthers.swift in Sources */,
				90FB6F8C2A7EE89D004F5CEF /* MerchantViewModel.swift in Sources */,
				90DC9D782A758B8E00FE5B9E /* Header.swift in Sources */,
				90FB6F7F2A7ECD31004F5CEF /* Merchant.swift in Sources */,
				90DC9D802A76D52900FE5B9E /* MainPage.swift in Sources */,
				90FB6F822A7ECDD9004F5CEF /* User_Group.swift in Sources */,
				90FB6F882A7ED600004F5CEF /* WebAPI.swift in Sources */,
				90DC9D682A758ACC00FE5B9E /* groupVoteApp.swift in Sources */,
				90DC9D912A79276200FE5B9E /* Voting.swift in Sources */,
				90DC9D8E2A791F6800FE5B9E /* WaitingButSomeoneJoined.swift in Sources */,
				90FB6F842A7ECE3E004F5CEF /* Merchant_Group.swift in Sources */,
			);
			runOnlyForDeploymentPostprocessing = 0;
		};
/* End PBXSourcesBuildPhase section */

/* Begin XCBuildConfiguration section */
		90DC9D712A758ACD00FE5B9E /* Debug */ = {
			isa = XCBuildConfiguration;
			buildSettings = {
				ALWAYS_SEARCH_USER_PATHS = NO;
				CLANG_ANALYZER_NONNULL = YES;
				CLANG_ANALYZER_NUMBER_OBJECT_CONVERSION = YES_AGGRESSIVE;
				CLANG_CXX_LANGUAGE_STANDARD = "gnu++20";
				CLANG_ENABLE_MODULES = YES;
				CLANG_ENABLE_OBJC_ARC = YES;
				CLANG_ENABLE_OBJC_WEAK = YES;
				CLANG_WARN_BLOCK_CAPTURE_AUTORELEASING = YES;
				CLANG_WARN_BOOL_CONVERSION = YES;
				CLANG_WARN_COMMA = YES;
				CLANG_WARN_CONSTANT_CONVERSION = YES;
				CLANG_WARN_DEPRECATED_OBJC_IMPLEMENTATIONS = YES;
				CLANG_WARN_DIRECT_OBJC_ISA_USAGE = YES_ERROR;
				CLANG_WARN_DOCUMENTATION_COMMENTS = YES;
				CLANG_WARN_EMPTY_BODY = YES;
				CLANG_WARN_ENUM_CONVERSION = YES;
				CLANG_WARN_INFINITE_RECURSION = YES;
				CLANG_WARN_INT_CONVERSION = YES;
				CLANG_WARN_NON_LITERAL_NULL_CONVERSION = YES;
				CLANG_WARN_OBJC_IMPLICIT_RETAIN_SELF = YES;
				CLANG_WARN_OBJC_LITERAL_CONVERSION = YES;
				CLANG_WARN_OBJC_ROOT_CLASS = YES_ERROR;
				CLANG_WARN_QUOTED_INCLUDE_IN_FRAMEWORK_HEADER = YES;
				CLANG_WARN_RANGE_LOOP_ANALYSIS = YES;
				CLANG_WARN_STRICT_PROTOTYPES = YES;
				CLANG_WARN_SUSPICIOUS_MOVE = YES;
				CLANG_WARN_UNGUARDED_AVAILABILITY = YES_AGGRESSIVE;
				CLANG_WARN_UNREACHABLE_CODE = YES;
				CLANG_WARN__DUPLICATE_METHOD_MATCH = YES;
				COPY_PHASE_STRIP = NO;
				DEBUG_INFORMATION_FORMAT = dwarf;
				ENABLE_STRICT_OBJC_MSGSEND = YES;
				ENABLE_TESTABILITY = YES;
				GCC_C_LANGUAGE_STANDARD = gnu11;
				GCC_DYNAMIC_NO_PIC = NO;
				GCC_NO_COMMON_BLOCKS = YES;
				GCC_OPTIMIZATION_LEVEL = 0;
				GCC_PREPROCESSOR_DEFINITIONS = (
					"DEBUG=1",
					"$(inherited)",
				);
				GCC_WARN_64_TO_32_BIT_CONVERSION = YES;
				GCC_WARN_ABOUT_RETURN_TYPE = YES_ERROR;
				GCC_WARN_UNDECLARED_SELECTOR = YES;
				GCC_WARN_UNINITIALIZED_AUTOS = YES_AGGRESSIVE;
				GCC_WARN_UNUSED_FUNCTION = YES;
				GCC_WARN_UNUSED_VARIABLE = YES;
				MTL_ENABLE_DEBUG_INFO = INCLUDE_SOURCE;
				MTL_FAST_MATH = YES;
				ONLY_ACTIVE_ARCH = YES;
				SWIFT_ACTIVE_COMPILATION_CONDITIONS = DEBUG;
				SWIFT_OPTIMIZATION_LEVEL = "-Onone";
			};
			name = Debug;
		};
		90DC9D722A758ACD00FE5B9E /* Release */ = {
			isa = XCBuildConfiguration;
			buildSettings = {
				ALWAYS_SEARCH_USER_PATHS = NO;
				CLANG_ANALYZER_NONNULL = YES;
				CLANG_ANALYZER_NUMBER_OBJECT_CONVERSION = YES_AGGRESSIVE;
				CLANG_CXX_LANGUAGE_STANDARD = "gnu++20";
				CLANG_ENABLE_MODULES = YES;
				CLANG_ENABLE_OBJC_ARC = YES;
				CLANG_ENABLE_OBJC_WEAK = YES;
				CLANG_WARN_BLOCK_CAPTURE_AUTORELEASING = YES;
				CLANG_WARN_BOOL_CONVERSION = YES;
				CLANG_WARN_COMMA = YES;
				CLANG_WARN_CONSTANT_CONVERSION = YES;
				CLANG_WARN_DEPRECATED_OBJC_IMPLEMENTATIONS = YES;
				CLANG_WARN_DIRECT_OBJC_ISA_USAGE = YES_ERROR;
				CLANG_WARN_DOCUMENTATION_COMMENTS = YES;
				CLANG_WARN_EMPTY_BODY = YES;
				CLANG_WARN_ENUM_CONVERSION = YES;
				CLANG_WARN_INFINITE_RECURSION = YES;
				CLANG_WARN_INT_CONVERSION = YES;
				CLANG_WARN_NON_LITERAL_NULL_CONVERSION = YES;
				CLANG_WARN_OBJC_IMPLICIT_RETAIN_SELF = YES;
				CLANG_WARN_OBJC_LITERAL_CONVERSION = YES;
				CLANG_WARN_OBJC_ROOT_CLASS = YES_ERROR;
				CLANG_WARN_QUOTED_INCLUDE_IN_FRAMEWORK_HEADER = YES;
				CLANG_WARN_RANGE_LOOP_ANALYSIS = YES;
				CLANG_WARN_STRICT_PROTOTYPES = YES;
				CLANG_WARN_SUSPICIOUS_MOVE = YES;
				CLANG_WARN_UNGUARDED_AVAILABILITY = YES_AGGRESSIVE;
				CLANG_WARN_UNREACHABLE_CODE = YES;
				CLANG_WARN__DUPLICATE_METHOD_MATCH = YES;
				COPY_PHASE_STRIP = NO;
				DEBUG_INFORMATION_FORMAT = "dwarf-with-dsym";
				ENABLE_NS_ASSERTIONS = NO;
				ENABLE_STRICT_OBJC_MSGSEND = YES;
				GCC_C_LANGUAGE_STANDARD = gnu11;
				GCC_NO_COMMON_BLOCKS = YES;
				GCC_WARN_64_TO_32_BIT_CONVERSION = YES;
				GCC_WARN_ABOUT_RETURN_TYPE = YES_ERROR;
				GCC_WARN_UNDECLARED_SELECTOR = YES;
				GCC_WARN_UNINITIALIZED_AUTOS = YES_AGGRESSIVE;
				GCC_WARN_UNUSED_FUNCTION = YES;
				GCC_WARN_UNUSED_VARIABLE = YES;
				MTL_ENABLE_DEBUG_INFO = NO;
				MTL_FAST_MATH = YES;
				SWIFT_COMPILATION_MODE = wholemodule;
				SWIFT_OPTIMIZATION_LEVEL = "-O";
			};
			name = Release;
		};
		90DC9D742A758ACD00FE5B9E /* Debug */ = {
			isa = XCBuildConfiguration;
			buildSettings = {
				ASSETCATALOG_COMPILER_APPICON_NAME = AppIcon;
				ASSETCATALOG_COMPILER_GLOBAL_ACCENT_COLOR_NAME = AccentColor;
				CODE_SIGN_ENTITLEMENTS = groupVote/groupVote.entitlements;
				CODE_SIGN_STYLE = Automatic;
				CURRENT_PROJECT_VERSION = 1;
				DEVELOPMENT_ASSET_PATHS = "\"groupVote/Preview Content\"";
				DEVELOPMENT_TEAM = 686H3J2SCC;
				ENABLE_HARDENED_RUNTIME = YES;
				ENABLE_PREVIEWS = YES;
				GENERATE_INFOPLIST_FILE = YES;
				"INFOPLIST_KEY_UIApplicationSceneManifest_Generation[sdk=iphoneos*]" = YES;
				"INFOPLIST_KEY_UIApplicationSceneManifest_Generation[sdk=iphonesimulator*]" = YES;
				"INFOPLIST_KEY_UIApplicationSupportsIndirectInputEvents[sdk=iphoneos*]" = YES;
				"INFOPLIST_KEY_UIApplicationSupportsIndirectInputEvents[sdk=iphonesimulator*]" = YES;
				"INFOPLIST_KEY_UILaunchScreen_Generation[sdk=iphoneos*]" = YES;
				"INFOPLIST_KEY_UILaunchScreen_Generation[sdk=iphonesimulator*]" = YES;
				"INFOPLIST_KEY_UIStatusBarStyle[sdk=iphoneos*]" = UIStatusBarStyleDefault;
				"INFOPLIST_KEY_UIStatusBarStyle[sdk=iphonesimulator*]" = UIStatusBarStyleDefault;
				INFOPLIST_KEY_UISupportedInterfaceOrientations_iPad = "UIInterfaceOrientationPortrait UIInterfaceOrientationPortraitUpsideDown UIInterfaceOrientationLandscapeLeft UIInterfaceOrientationLandscapeRight";
				INFOPLIST_KEY_UISupportedInterfaceOrientations_iPhone = "UIInterfaceOrientationPortrait UIInterfaceOrientationLandscapeLeft UIInterfaceOrientationLandscapeRight";
				IPHONEOS_DEPLOYMENT_TARGET = 16.4;
				LD_RUNPATH_SEARCH_PATHS = "@executable_path/Frameworks";
				"LD_RUNPATH_SEARCH_PATHS[sdk=macosx*]" = "@executable_path/../Frameworks";
				MACOSX_DEPLOYMENT_TARGET = 13.3;
				MARKETING_VERSION = 1.0;
				PRODUCT_BUNDLE_IDENTIFIER = com.AlaaAlabdullah.groupVote;
				PRODUCT_NAME = "$(TARGET_NAME)";
				SDKROOT = auto;
				SUPPORTED_PLATFORMS = "iphoneos iphonesimulator macosx";
				SWIFT_EMIT_LOC_STRINGS = YES;
				SWIFT_VERSION = 5.0;
				TARGETED_DEVICE_FAMILY = "1,2";
			};
			name = Debug;
		};
		90DC9D752A758ACD00FE5B9E /* Release */ = {
			isa = XCBuildConfiguration;
			buildSettings = {
				ASSETCATALOG_COMPILER_APPICON_NAME = AppIcon;
				ASSETCATALOG_COMPILER_GLOBAL_ACCENT_COLOR_NAME = AccentColor;
				CODE_SIGN_ENTITLEMENTS = groupVote/groupVote.entitlements;
				CODE_SIGN_STYLE = Automatic;
				CURRENT_PROJECT_VERSION = 1;
				DEVELOPMENT_ASSET_PATHS = "\"groupVote/Preview Content\"";
				DEVELOPMENT_TEAM = 686H3J2SCC;
				ENABLE_HARDENED_RUNTIME = YES;
				ENABLE_PREVIEWS = YES;
				GENERATE_INFOPLIST_FILE = YES;
				"INFOPLIST_KEY_UIApplicationSceneManifest_Generation[sdk=iphoneos*]" = YES;
				"INFOPLIST_KEY_UIApplicationSceneManifest_Generation[sdk=iphonesimulator*]" = YES;
				"INFOPLIST_KEY_UIApplicationSupportsIndirectInputEvents[sdk=iphoneos*]" = YES;
				"INFOPLIST_KEY_UIApplicationSupportsIndirectInputEvents[sdk=iphonesimulator*]" = YES;
				"INFOPLIST_KEY_UILaunchScreen_Generation[sdk=iphoneos*]" = YES;
				"INFOPLIST_KEY_UILaunchScreen_Generation[sdk=iphonesimulator*]" = YES;
				"INFOPLIST_KEY_UIStatusBarStyle[sdk=iphoneos*]" = UIStatusBarStyleDefault;
				"INFOPLIST_KEY_UIStatusBarStyle[sdk=iphonesimulator*]" = UIStatusBarStyleDefault;
				INFOPLIST_KEY_UISupportedInterfaceOrientations_iPad = "UIInterfaceOrientationPortrait UIInterfaceOrientationPortraitUpsideDown UIInterfaceOrientationLandscapeLeft UIInterfaceOrientationLandscapeRight";
				INFOPLIST_KEY_UISupportedInterfaceOrientations_iPhone = "UIInterfaceOrientationPortrait UIInterfaceOrientationLandscapeLeft UIInterfaceOrientationLandscapeRight";
				IPHONEOS_DEPLOYMENT_TARGET = 16.4;
				LD_RUNPATH_SEARCH_PATHS = "@executable_path/Frameworks";
				"LD_RUNPATH_SEARCH_PATHS[sdk=macosx*]" = "@executable_path/../Frameworks";
				MACOSX_DEPLOYMENT_TARGET = 13.3;
				MARKETING_VERSION = 1.0;
				PRODUCT_BUNDLE_IDENTIFIER = com.AlaaAlabdullah.groupVote;
				PRODUCT_NAME = "$(TARGET_NAME)";
				SDKROOT = auto;
				SUPPORTED_PLATFORMS = "iphoneos iphonesimulator macosx";
				SWIFT_EMIT_LOC_STRINGS = YES;
				SWIFT_VERSION = 5.0;
				TARGETED_DEVICE_FAMILY = "1,2";
			};
			name = Release;
		};
/* End XCBuildConfiguration section */

/* Begin XCConfigurationList section */
		90DC9D5F2A758ACC00FE5B9E /* Build configuration list for PBXProject "groupVote" */ = {
			isa = XCConfigurationList;
			buildConfigurations = (
				90DC9D712A758ACD00FE5B9E /* Debug */,
				90DC9D722A758ACD00FE5B9E /* Release */,
			);
			defaultConfigurationIsVisible = 0;
			defaultConfigurationName = Release;
		};
		90DC9D732A758ACD00FE5B9E /* Build configuration list for PBXNativeTarget "groupVote" */ = {
			isa = XCConfigurationList;
			buildConfigurations = (
				90DC9D742A758ACD00FE5B9E /* Debug */,
				90DC9D752A758ACD00FE5B9E /* Release */,
			);
			defaultConfigurationIsVisible = 0;
			defaultConfigurationName = Release;
		};
/* End XCConfigurationList section */
	};
	rootObject = 90DC9D5C2A758ACC00FE5B9E /* Project object */;
}
